
Microsoft Visual Studio Solution File, Format Version 12.00
# Visual Studio Version 16
VisualStudioVersion = 16.0.33927.289
MinimumVisualStudioVersion = 10.0.40219.1
Project("{2150E333-8FDC-42A3-9474-1A3956D46DE8}") = "Task0", "Task0", "{9ABAC0A8-4F01-4FE9-B042-46C34660F261}"
EndProject
Project("{FAE04EC0-301F-11D3-BF4B-00C04F79EFBC}") = "Tyuiu.ElsufevMP.Sprint1.Task0.V21", "Tyuiu.ElsufevMP.Sprint1.Task0.V21\Tyuiu.ElsufevMP.Sprint1.Task0.V21.csproj", "{4EE029E6-9E1C-44A4-807D-3A9A7F9A1148}"
EndProject
Project("{FAE04EC0-301F-11D3-BF4B-00C04F79EFBC}") = "Tyuiu.ElsufevMP.Sprint1.Task0.V21.Lib", "Tyuiu.ElsufevMP.Sprint1.Task0.V21.Lib\Tyuiu.ElsufevMP.Sprint1.Task0.V21.Lib.csproj", "{E2D2EF53-455A-46A5-A91B-8BB9F7E92B08}"
EndProject
Project("{FAE04EC0-301F-11D3-BF4B-00C04F79EFBC}") = "Tyuiu.ElsufevMP.Sprint1.Task0.V21.Test", "Tyuiu.ElsufevMP.Sprint1.Task0.V21.Test\Tyuiu.ElsufevMP.Sprint1.Task0.V21.Test.csproj", "{2B306BE9-FF1D-4AAD-AD32-66C2918B66B9}"
EndProject
Project("{2150E333-8FDC-42A3-9474-1A3956D46DE8}") = "Task1", "Task1", "{B3CD88C1-1EF5-48F6-AE16-3632CDE9A3A0}"
EndProject
Project("{FAE04EC0-301F-11D3-BF4B-00C04F79EFBC}") = "Tyuiu.ElsufevMP.Sprint1.Task1.V3", "Tyuiu.ElsufevMP.Sprint1.Task1.V3\Tyuiu.ElsufevMP.Sprint1.Task1.V3.csproj", "{9B614382-39BB-45A3-AE26-03ECE0DF4932}"
EndProject
Project("{FAE04EC0-301F-11D3-BF4B-00C04F79EFBC}") = "Tyuiu.ElsufevMP.Sprint1.Task1.V3.Lib", "Tyuiu.ElsufevMP.Sprint1.Task1.V3.Lib\Tyuiu.ElsufevMP.Sprint1.Task1.V3.Lib.csproj", "{B28C0BAF-C070-42B3-913F-8B0EB4DF5D3B}"
EndProject
Project("{FAE04EC0-301F-11D3-BF4B-00C04F79EFBC}") = "Tyuiu.ElsufevMP.Sprint1.Task1.V3.Test", "Tyuiu.ElsufevMP.Sprint1.Task1.V3.Test\Tyuiu.ElsufevMP.Sprint1.Task1.V3.Test.csproj", "{EEDEB8C1-972F-4B70-AC3E-4528B48F23C8}"
EndProject
Project("{2150E333-8FDC-42A3-9474-1A3956D46DE8}") = "Task2", "Task2", "{8F20C9B0-CE67-44A4-A875-F34577C6B872}"
EndProject
Project("{FAE04EC0-301F-11D3-BF4B-00C04F79EFBC}") = "Tyuiu.ElsufevMP.Sprint1.Task2.V22", "Tyuiu.ElsufevMP.Sprint1.Task2.V22\Tyuiu.ElsufevMP.Sprint1.Task2.V22.csproj", "{9AAF14FB-C571-474E-9365-CF957866D090}"
EndProject
Project("{FAE04EC0-301F-11D3-BF4B-00C04F79EFBC}") = "Tyuiu.ElsufevMP.Sprint1.Task2.V22.Lib", "Tyuiu.ElsufevMP.Sprint1.Task2.V22.Lib\Tyuiu.ElsufevMP.Sprint1.Task2.V22.Lib.csproj", "{CF68B7B1-6A28-4AA2-90B2-7ACD14D6C0E6}"
EndProject
Project("{FAE04EC0-301F-11D3-BF4B-00C04F79EFBC}") = "Tyuiu.ElsufevMP.Sprint1.Task2.V22.Test", "Tyuiu.ElsufevMP.Sprint1.Task2.V22.Test\Tyuiu.ElsufevMP.Sprint1.Task2.V22.Test.csproj", "{735F362E-7FC2-4488-8BAE-423A644709C6}"
EndProject
Global
	GlobalSection(SolutionConfigurationPlatforms) = preSolution
		Debug|Any CPU = Debug|Any CPU
		Release|Any CPU = Release|Any CPU
	EndGlobalSection
	GlobalSection(ProjectConfigurationPlatforms) = postSolution
		{4EE029E6-9E1C-44A4-807D-3A9A7F9A1148}.Debug|Any CPU.ActiveCfg = Debug|Any CPU
		{4EE029E6-9E1C-44A4-807D-3A9A7F9A1148}.Debug|Any CPU.Build.0 = Debug|Any CPU
		{4EE029E6-9E1C-44A4-807D-3A9A7F9A1148}.Release|Any CPU.ActiveCfg = Release|Any CPU
		{4EE029E6-9E1C-44A4-807D-3A9A7F9A1148}.Release|Any CPU.Build.0 = Release|Any CPU
		{E2D2EF53-455A-46A5-A91B-8BB9F7E92B08}.Debug|Any CPU.ActiveCfg = Debug|Any CPU
		{E2D2EF53-455A-46A5-A91B-8BB9F7E92B08}.Debug|Any CPU.Build.0 = Debug|Any CPU
		{E2D2EF53-455A-46A5-A91B-8BB9F7E92B08}.Release|Any CPU.ActiveCfg = Release|Any CPU
		{E2D2EF53-455A-46A5-A91B-8BB9F7E92B08}.Release|Any CPU.Build.0 = Release|Any CPU
		{2B306BE9-FF1D-4AAD-AD32-66C2918B66B9}.Debug|Any CPU.ActiveCfg = Debug|Any CPU
		{2B306BE9-FF1D-4AAD-AD32-66C2918B66B9}.Debug|Any CPU.Build.0 = Debug|Any CPU
		{2B306BE9-FF1D-4AAD-AD32-66C2918B66B9}.Release|Any CPU.ActiveCfg = Release|Any CPU
		{2B306BE9-FF1D-4AAD-AD32-66C2918B66B9}.Release|Any CPU.Build.0 = Release|Any CPU
		{9B614382-39BB-45A3-AE26-03ECE0DF4932}.Debug|Any CPU.ActiveCfg = Debug|Any CPU
		{9B614382-39BB-45A3-AE26-03ECE0DF4932}.Debug|Any CPU.Build.0 = Debug|Any CPU
		{9B614382-39BB-45A3-AE26-03ECE0DF4932}.Release|Any CPU.ActiveCfg = Release|Any CPU
		{9B614382-39BB-45A3-AE26-03ECE0DF4932}.Release|Any CPU.Build.0 = Release|Any CPU
		{B28C0BAF-C070-42B3-913F-8B0EB4DF5D3B}.Debug|Any CPU.ActiveCfg = Debug|Any CPU
		{B28C0BAF-C070-42B3-913F-8B0EB4DF5D3B}.Debug|Any CPU.Build.0 = Debug|Any CPU
		{B28C0BAF-C070-42B3-913F-8B0EB4DF5D3B}.Release|Any CPU.ActiveCfg = Release|Any CPU
		{B28C0BAF-C070-42B3-913F-8B0EB4DF5D3B}.Release|Any CPU.Build.0 = Release|Any CPU
		{EEDEB8C1-972F-4B70-AC3E-4528B48F23C8}.Debug|Any CPU.ActiveCfg = Debug|Any CPU
		{EEDEB8C1-972F-4B70-AC3E-4528B48F23C8}.Debug|Any CPU.Build.0 = Debug|Any CPU
		{EEDEB8C1-972F-4B70-AC3E-4528B48F23C8}.Release|Any CPU.ActiveCfg = Release|Any CPU
		{EEDEB8C1-972F-4B70-AC3E-4528B48F23C8}.Release|Any CPU.Build.0 = Release|Any CPU
		{9AAF14FB-C571-474E-9365-CF957866D090}.Debug|Any CPU.ActiveCfg = Debug|Any CPU
		{9AAF14FB-C571-474E-9365-CF957866D090}.Debug|Any CPU.Build.0 = Debug|Any CPU
		{9AAF14FB-C571-474E-9365-CF957866D090}.Release|Any CPU.ActiveCfg = Release|Any CPU
		{9AAF14FB-C571-474E-9365-CF957866D090}.Release|Any CPU.Build.0 = Release|Any CPU
		{CF68B7B1-6A28-4AA2-90B2-7ACD14D6C0E6}.Debug|Any CPU.ActiveCfg = Debug|Any CPU
		{CF68B7B1-6A28-4AA2-90B2-7ACD14D6C0E6}.Debug|Any CPU.Build.0 = Debug|Any CPU
		{CF68B7B1-6A28-4AA2-90B2-7ACD14D6C0E6}.Release|Any CPU.ActiveCfg = Release|Any CPU
		{CF68B7B1-6A28-4AA2-90B2-7ACD14D6C0E6}.Release|Any CPU.Build.0 = Release|Any CPU
		{735F362E-7FC2-4488-8BAE-423A644709C6}.Debug|Any CPU.ActiveCfg = Debug|Any CPU
		{735F362E-7FC2-4488-8BAE-423A644709C6}.Debug|Any CPU.Build.0 = Debug|Any CPU
		{735F362E-7FC2-4488-8BAE-423A644709C6}.Release|Any CPU.ActiveCfg = Release|Any CPU
		{735F362E-7FC2-4488-8BAE-423A644709C6}.Release|Any CPU.Build.0 = Release|Any CPU
	EndGlobalSection
	GlobalSection(SolutionProperties) = preSolution
		HideSolutionNode = FALSE
	EndGlobalSection
	GlobalSection(NestedProjects) = preSolution
		{4EE029E6-9E1C-44A4-807D-3A9A7F9A1148} = {9ABAC0A8-4F01-4FE9-B042-46C34660F261}
		{E2D2EF53-455A-46A5-A91B-8BB9F7E92B08} = {9ABAC0A8-4F01-4FE9-B042-46C34660F261}
		{2B306BE9-FF1D-4AAD-AD32-66C2918B66B9} = {9ABAC0A8-4F01-4FE9-B042-46C34660F261}
		{9B614382-39BB-45A3-AE26-03ECE0DF4932} = {B3CD88C1-1EF5-48F6-AE16-3632CDE9A3A0}
		{B28C0BAF-C070-42B3-913F-8B0EB4DF5D3B} = {B3CD88C1-1EF5-48F6-AE16-3632CDE9A3A0}
		{EEDEB8C1-972F-4B70-AC3E-4528B48F23C8} = {B3CD88C1-1EF5-48F6-AE16-3632CDE9A3A0}
		{9AAF14FB-C571-474E-9365-CF957866D090} = {8F20C9B0-CE67-44A4-A875-F34577C6B872}
		{CF68B7B1-6A28-4AA2-90B2-7ACD14D6C0E6} = {8F20C9B0-CE67-44A4-A875-F34577C6B872}
		{735F362E-7FC2-4488-8BAE-423A644709C6} = {8F20C9B0-CE67-44A4-A875-F34577C6B872}
	EndGlobalSection
	GlobalSection(ExtensibilityGlobals) = postSolution
		SolutionGuid = {F942F7D5-48CE-4BB9-9C35-4EE1B4353CFC}
	EndGlobalSection
EndGlobal
