
Microsoft Visual Studio Solution File, Format Version 12.00
# Visual Studio Version 16
VisualStudioVersion = 16.0.33927.289
MinimumVisualStudioVersion = 10.0.40219.1
Project("{2150E333-8FDC-42A3-9474-1A3956D46DE8}") = "Task0", "Task0", "{9ABAC0A8-4F01-4FE9-B042-46C34660F261}"
EndProject
Project("{FAE04EC0-301F-11D3-BF4B-00C04F79EFBC}") = "Tyuiu.ElsufevMP.Sprint1.Task0.V21", "Tyuiu.ElsufevMP.Sprint1.Task0.V21\Tyuiu.ElsufevMP.Sprint1.Task0.V21.csproj", "{4EE029E6-9E1C-44A4-807D-3A9A7F9A1148}"
EndProject
Project("{FAE04EC0-301F-11D3-BF4B-00C04F79EFBC}") = "Tyuiu.ElsufevMP.Sprint1.Task0.V21.Lib", "Tyuiu.ElsufevMP.Sprint1.Task0.V21.Lib\Tyuiu.ElsufevMP.Sprint1.Task0.V21.Lib.csproj", "{E2D2EF53-455A-46A5-A91B-8BB9F7E92B08}"
EndProject
Project("{FAE04EC0-301F-11D3-BF4B-00C04F79EFBC}") = "Tyuiu.ElsufevMP.Sprint1.Task0.V21.Test", "Tyuiu.ElsufevMP.Sprint1.Task0.V21.Test\Tyuiu.ElsufevMP.Sprint1.Task0.V21.Test.csproj", "{2B306BE9-FF1D-4AAD-AD32-66C2918B66B9}"
EndProject
Project("{2150E333-8FDC-42A3-9474-1A3956D46DE8}") = "Task1", "Task1", "{B3CD88C1-1EF5-48F6-AE16-3632CDE9A3A0}"
EndProject
Project("{FAE04EC0-301F-11D3-BF4B-00C04F79EFBC}") = "Tyuiu.ElsufevMP.Sprint1.Task1.V3", "Tyuiu.ElsufevMP.Sprint1.Task1.V3\Tyuiu.ElsufevMP.Sprint1.Task1.V3.csproj", "{9B614382-39BB-45A3-AE26-03ECE0DF4932}"
EndProject
Project("{FAE04EC0-301F-11D3-BF4B-00C04F79EFBC}") = "Tyuiu.ElsufevMP.Sprint1.Task1.V3.Lib", "Tyuiu.ElsufevMP.Sprint1.Task1.V3.Lib\Tyuiu.ElsufevMP.Sprint1.Task1.V3.Lib.csproj", "{B28C0BAF-C070-42B3-913F-8B0EB4DF5D3B}"
EndProject
Project("{FAE04EC0-301F-11D3-BF4B-00C04F79EFBC}") = "Tyuiu.ElsufevMP.Sprint1.Task1.V3.Test", "Tyuiu.ElsufevMP.Sprint1.Task1.V3.Test\Tyuiu.ElsufevMP.Sprint1.Task1.V3.Test.csproj", "{EEDEB8C1-972F-4B70-AC3E-4528B48F23C8}"
EndProject
Project("{2150E333-8FDC-42A3-9474-1A3956D46DE8}") = "Task2", "Task2", "{8F20C9B0-CE67-44A4-A875-F34577C6B872}"
EndProject
Project("{FAE04EC0-301F-11D3-BF4B-00C04F79EFBC}") = "Tyuiu.ElsufevMP.Sprint1.Task2.V22", "Tyuiu.ElsufevMP.Sprint1.Task2.V22\Tyuiu.ElsufevMP.Sprint1.Task2.V22.csproj", "{9AAF14FB-C571-474E-9365-CF957866D090}"
EndProject
Project("{FAE04EC0-301F-11D3-BF4B-00C04F79EFBC}") = "Tyuiu.ElsufevMP.Sprint1.Task2.V22.Lib", "Tyuiu.ElsufevMP.Sprint1.Task2.V22.Lib\Tyuiu.ElsufevMP.Sprint1.Task2.V22.Lib.csproj", "{CF68B7B1-6A28-4AA2-90B2-7ACD14D6C0E6}"
EndProject
Project("{FAE04EC0-301F-11D3-BF4B-00C04F79EFBC}") = "Tyuiu.ElsufevMP.Sprint1.Task2.V22.Test", "Tyuiu.ElsufevMP.Sprint1.Task2.V22.Test\Tyuiu.ElsufevMP.Sprint1.Task2.V22.Test.csproj", "{735F362E-7FC2-4488-8BAE-423A644709C6}"
EndProject
Project("{2150E333-8FDC-42A3-9474-1A3956D46DE8}") = "Task3", "Task3", "{23D9C457-B7C2-4A60-9734-CAD772C7046E}"
EndProject
Project("{FAE04EC0-301F-11D3-BF4B-00C04F79EFBC}") = "Tyuiu.ElsufevMP.Sprint1.Task3.V14", "Tyuiu.ElsufevMP.Sprint1.Task3.V14\Tyuiu.ElsufevMP.Sprint1.Task3.V14.csproj", "{8E71D9EA-0AFA-47E7-AA9F-2E02AA06CDA2}"
EndProject
Project("{FAE04EC0-301F-11D3-BF4B-00C04F79EFBC}") = "Tyuiu.ElsufevMP.Sprint1.Task3.V14.Lib", "Tyuiu.ElsufevMP.Sprint1.Task3.V14.Lib\Tyuiu.ElsufevMP.Sprint1.Task3.V14.Lib.csproj", "{06DB109F-370C-4DF4-9CEF-F1EAA909DC00}"
EndProject
Project("{FAE04EC0-301F-11D3-BF4B-00C04F79EFBC}") = "Tyuiu.ElsufevMP.Sprint1.Task3.V14.Test", "Tyuiu.ElsufevMP.Sprint1.Task3.V14.Test\Tyuiu.ElsufevMP.Sprint1.Task3.V14.Test.csproj", "{FCA61E4D-4409-46E9-BD84-2C3848401232}"
EndProject
Project("{2150E333-8FDC-42A3-9474-1A3956D46DE8}") = "Task4", "Task4", "{31619FAF-634F-4E87-ABF4-A08862DD9D49}"
EndProject
Project("{FAE04EC0-301F-11D3-BF4B-00C04F79EFBC}") = "Tyuiu.ElsufevMP.Sprint1.Task4.V22", "Tyuiu.ElsufevMP.Sprint1.Task4.V22\Tyuiu.ElsufevMP.Sprint1.Task4.V22.csproj", "{735F0288-C5F9-470D-938D-D2F6F85208FA}"
EndProject
Project("{FAE04EC0-301F-11D3-BF4B-00C04F79EFBC}") = "Tyuiu.ElsufevMP.Sprint1.Task4.V22.Lib", "Tyuiu.ElsufevMP.Sprint1.Task4.V22.Lib\Tyuiu.ElsufevMP.Sprint1.Task4.V22.Lib.csproj", "{D86B3E02-A053-4828-921E-AFFB8625ED73}"
EndProject
Project("{FAE04EC0-301F-11D3-BF4B-00C04F79EFBC}") = "Tyuiu.ElsufevMP.Sprint1.Task4.V22.Test", "Tyuiu.ElsufevMP.Sprint1.Task4.V22.Test\Tyuiu.ElsufevMP.Sprint1.Task4.V22.Test.csproj", "{4471B60C-55FC-4489-BCAC-C0E5C644B82B}"
EndProject
Project("{2150E333-8FDC-42A3-9474-1A3956D46DE8}") = "Task5", "Task5", "{EB5EAA29-F779-4987-895C-B2D3A0B4527C}"
EndProject
Project("{FAE04EC0-301F-11D3-BF4B-00C04F79EFBC}") = "Tyuiu.ElsufevMP.Sprint1.Task5.V7", "Tyuiu.ElsufevMP.Sprint1.Task5.V7\Tyuiu.ElsufevMP.Sprint1.Task5.V7.csproj", "{9AA2770C-598D-48C3-861B-4F6F50E8B5E2}"
EndProject
Project("{FAE04EC0-301F-11D3-BF4B-00C04F79EFBC}") = "Tyuiu.ElsufevMP.Sprint1.Task5.V7.Lib", "Tyuiu.ElsufevMP.Sprint1.Task5.V7.Lib\Tyuiu.ElsufevMP.Sprint1.Task5.V7.Lib.csproj", "{B76C6B71-685A-4F8F-9E6A-27D5E84270DC}"
EndProject
Project("{FAE04EC0-301F-11D3-BF4B-00C04F79EFBC}") = "Tyuiu.ElsufevMP.Sprint1.Task5.V7.Test", "Tyuiu.ElsufevMP.Sprint1.Task5.V7.Test\Tyuiu.ElsufevMP.Sprint1.Task5.V7.Test.csproj", "{AA1AD033-49C0-449D-BCF1-BAC98E6801F2}"
EndProject
Global
	GlobalSection(SolutionConfigurationPlatforms) = preSolution
		Debug|Any CPU = Debug|Any CPU
		Release|Any CPU = Release|Any CPU
	EndGlobalSection
	GlobalSection(ProjectConfigurationPlatforms) = postSolution
		{4EE029E6-9E1C-44A4-807D-3A9A7F9A1148}.Debug|Any CPU.ActiveCfg = Debug|Any CPU
		{4EE029E6-9E1C-44A4-807D-3A9A7F9A1148}.Debug|Any CPU.Build.0 = Debug|Any CPU
		{4EE029E6-9E1C-44A4-807D-3A9A7F9A1148}.Release|Any CPU.ActiveCfg = Release|Any CPU
		{4EE029E6-9E1C-44A4-807D-3A9A7F9A1148}.Release|Any CPU.Build.0 = Release|Any CPU
		{E2D2EF53-455A-46A5-A91B-8BB9F7E92B08}.Debug|Any CPU.ActiveCfg = Debug|Any CPU
		{E2D2EF53-455A-46A5-A91B-8BB9F7E92B08}.Debug|Any CPU.Build.0 = Debug|Any CPU
		{E2D2EF53-455A-46A5-A91B-8BB9F7E92B08}.Release|Any CPU.ActiveCfg = Release|Any CPU
		{E2D2EF53-455A-46A5-A91B-8BB9F7E92B08}.Release|Any CPU.Build.0 = Release|Any CPU
		{2B306BE9-FF1D-4AAD-AD32-66C2918B66B9}.Debug|Any CPU.ActiveCfg = Debug|Any CPU
		{2B306BE9-FF1D-4AAD-AD32-66C2918B66B9}.Debug|Any CPU.Build.0 = Debug|Any CPU
		{2B306BE9-FF1D-4AAD-AD32-66C2918B66B9}.Release|Any CPU.ActiveCfg = Release|Any CPU
		{2B306BE9-FF1D-4AAD-AD32-66C2918B66B9}.Release|Any CPU.Build.0 = Release|Any CPU
		{9B614382-39BB-45A3-AE26-03ECE0DF4932}.Debug|Any CPU.ActiveCfg = Debug|Any CPU
		{9B614382-39BB-45A3-AE26-03ECE0DF4932}.Debug|Any CPU.Build.0 = Debug|Any CPU
		{9B614382-39BB-45A3-AE26-03ECE0DF4932}.Release|Any CPU.ActiveCfg = Release|Any CPU
		{9B614382-39BB-45A3-AE26-03ECE0DF4932}.Release|Any CPU.Build.0 = Release|Any CPU
		{B28C0BAF-C070-42B3-913F-8B0EB4DF5D3B}.Debug|Any CPU.ActiveCfg = Debug|Any CPU
		{B28C0BAF-C070-42B3-913F-8B0EB4DF5D3B}.Debug|Any CPU.Build.0 = Debug|Any CPU
		{B28C0BAF-C070-42B3-913F-8B0EB4DF5D3B}.Release|Any CPU.ActiveCfg = Release|Any CPU
		{B28C0BAF-C070-42B3-913F-8B0EB4DF5D3B}.Release|Any CPU.Build.0 = Release|Any CPU
		{EEDEB8C1-972F-4B70-AC3E-4528B48F23C8}.Debug|Any CPU.ActiveCfg = Debug|Any CPU
		{EEDEB8C1-972F-4B70-AC3E-4528B48F23C8}.Debug|Any CPU.Build.0 = Debug|Any CPU
		{EEDEB8C1-972F-4B70-AC3E-4528B48F23C8}.Release|Any CPU.ActiveCfg = Release|Any CPU
		{EEDEB8C1-972F-4B70-AC3E-4528B48F23C8}.Release|Any CPU.Build.0 = Release|Any CPU
		{9AAF14FB-C571-474E-9365-CF957866D090}.Debug|Any CPU.ActiveCfg = Debug|Any CPU
		{9AAF14FB-C571-474E-9365-CF957866D090}.Debug|Any CPU.Build.0 = Debug|Any CPU
		{9AAF14FB-C571-474E-9365-CF957866D090}.Release|Any CPU.ActiveCfg = Release|Any CPU
		{9AAF14FB-C571-474E-9365-CF957866D090}.Release|Any CPU.Build.0 = Release|Any CPU
		{CF68B7B1-6A28-4AA2-90B2-7ACD14D6C0E6}.Debug|Any CPU.ActiveCfg = Debug|Any CPU
		{CF68B7B1-6A28-4AA2-90B2-7ACD14D6C0E6}.Debug|Any CPU.Build.0 = Debug|Any CPU
		{CF68B7B1-6A28-4AA2-90B2-7ACD14D6C0E6}.Release|Any CPU.ActiveCfg = Release|Any CPU
		{CF68B7B1-6A28-4AA2-90B2-7ACD14D6C0E6}.Release|Any CPU.Build.0 = Release|Any CPU
		{735F362E-7FC2-4488-8BAE-423A644709C6}.Debug|Any CPU.ActiveCfg = Debug|Any CPU
		{735F362E-7FC2-4488-8BAE-423A644709C6}.Debug|Any CPU.Build.0 = Debug|Any CPU
		{735F362E-7FC2-4488-8BAE-423A644709C6}.Release|Any CPU.ActiveCfg = Release|Any CPU
		{735F362E-7FC2-4488-8BAE-423A644709C6}.Release|Any CPU.Build.0 = Release|Any CPU
		{8E71D9EA-0AFA-47E7-AA9F-2E02AA06CDA2}.Debug|Any CPU.ActiveCfg = Debug|Any CPU
		{8E71D9EA-0AFA-47E7-AA9F-2E02AA06CDA2}.Debug|Any CPU.Build.0 = Debug|Any CPU
		{8E71D9EA-0AFA-47E7-AA9F-2E02AA06CDA2}.Release|Any CPU.ActiveCfg = Release|Any CPU
		{8E71D9EA-0AFA-47E7-AA9F-2E02AA06CDA2}.Release|Any CPU.Build.0 = Release|Any CPU
		{06DB109F-370C-4DF4-9CEF-F1EAA909DC00}.Debug|Any CPU.ActiveCfg = Debug|Any CPU
		{06DB109F-370C-4DF4-9CEF-F1EAA909DC00}.Debug|Any CPU.Build.0 = Debug|Any CPU
		{06DB109F-370C-4DF4-9CEF-F1EAA909DC00}.Release|Any CPU.ActiveCfg = Release|Any CPU
		{06DB109F-370C-4DF4-9CEF-F1EAA909DC00}.Release|Any CPU.Build.0 = Release|Any CPU
		{FCA61E4D-4409-46E9-BD84-2C3848401232}.Debug|Any CPU.ActiveCfg = Debug|Any CPU
		{FCA61E4D-4409-46E9-BD84-2C3848401232}.Debug|Any CPU.Build.0 = Debug|Any CPU
		{FCA61E4D-4409-46E9-BD84-2C3848401232}.Release|Any CPU.ActiveCfg = Release|Any CPU
		{FCA61E4D-4409-46E9-BD84-2C3848401232}.Release|Any CPU.Build.0 = Release|Any CPU
		{735F0288-C5F9-470D-938D-D2F6F85208FA}.Debug|Any CPU.ActiveCfg = Debug|Any CPU
		{735F0288-C5F9-470D-938D-D2F6F85208FA}.Debug|Any CPU.Build.0 = Debug|Any CPU
		{735F0288-C5F9-470D-938D-D2F6F85208FA}.Release|Any CPU.ActiveCfg = Release|Any CPU
		{735F0288-C5F9-470D-938D-D2F6F85208FA}.Release|Any CPU.Build.0 = Release|Any CPU
		{D86B3E02-A053-4828-921E-AFFB8625ED73}.Debug|Any CPU.ActiveCfg = Debug|Any CPU
		{D86B3E02-A053-4828-921E-AFFB8625ED73}.Debug|Any CPU.Build.0 = Debug|Any CPU
		{D86B3E02-A053-4828-921E-AFFB8625ED73}.Release|Any CPU.ActiveCfg = Release|Any CPU
		{D86B3E02-A053-4828-921E-AFFB8625ED73}.Release|Any CPU.Build.0 = Release|Any CPU
		{4471B60C-55FC-4489-BCAC-C0E5C644B82B}.Debug|Any CPU.ActiveCfg = Debug|Any CPU
		{4471B60C-55FC-4489-BCAC-C0E5C644B82B}.Debug|Any CPU.Build.0 = Debug|Any CPU
		{4471B60C-55FC-4489-BCAC-C0E5C644B82B}.Release|Any CPU.ActiveCfg = Release|Any CPU
		{4471B60C-55FC-4489-BCAC-C0E5C644B82B}.Release|Any CPU.Build.0 = Release|Any CPU
		{9AA2770C-598D-48C3-861B-4F6F50E8B5E2}.Debug|Any CPU.ActiveCfg = Debug|Any CPU
		{9AA2770C-598D-48C3-861B-4F6F50E8B5E2}.Debug|Any CPU.Build.0 = Debug|Any CPU
		{9AA2770C-598D-48C3-861B-4F6F50E8B5E2}.Release|Any CPU.ActiveCfg = Release|Any CPU
		{9AA2770C-598D-48C3-861B-4F6F50E8B5E2}.Release|Any CPU.Build.0 = Release|Any CPU
		{B76C6B71-685A-4F8F-9E6A-27D5E84270DC}.Debug|Any CPU.ActiveCfg = Debug|Any CPU
		{B76C6B71-685A-4F8F-9E6A-27D5E84270DC}.Debug|Any CPU.Build.0 = Debug|Any CPU
		{B76C6B71-685A-4F8F-9E6A-27D5E84270DC}.Release|Any CPU.ActiveCfg = Release|Any CPU
		{B76C6B71-685A-4F8F-9E6A-27D5E84270DC}.Release|Any CPU.Build.0 = Release|Any CPU
		{AA1AD033-49C0-449D-BCF1-BAC98E6801F2}.Debug|Any CPU.ActiveCfg = Debug|Any CPU
		{AA1AD033-49C0-449D-BCF1-BAC98E6801F2}.Debug|Any CPU.Build.0 = Debug|Any CPU
		{AA1AD033-49C0-449D-BCF1-BAC98E6801F2}.Release|Any CPU.ActiveCfg = Release|Any CPU
		{AA1AD033-49C0-449D-BCF1-BAC98E6801F2}.Release|Any CPU.Build.0 = Release|Any CPU
	EndGlobalSection
	GlobalSection(SolutionProperties) = preSolution
		HideSolutionNode = FALSE
	EndGlobalSection
	GlobalSection(NestedProjects) = preSolution
		{4EE029E6-9E1C-44A4-807D-3A9A7F9A1148} = {9ABAC0A8-4F01-4FE9-B042-46C34660F261}
		{E2D2EF53-455A-46A5-A91B-8BB9F7E92B08} = {9ABAC0A8-4F01-4FE9-B042-46C34660F261}
		{2B306BE9-FF1D-4AAD-AD32-66C2918B66B9} = {9ABAC0A8-4F01-4FE9-B042-46C34660F261}
		{9B614382-39BB-45A3-AE26-03ECE0DF4932} = {B3CD88C1-1EF5-48F6-AE16-3632CDE9A3A0}
		{B28C0BAF-C070-42B3-913F-8B0EB4DF5D3B} = {B3CD88C1-1EF5-48F6-AE16-3632CDE9A3A0}
		{EEDEB8C1-972F-4B70-AC3E-4528B48F23C8} = {B3CD88C1-1EF5-48F6-AE16-3632CDE9A3A0}
		{9AAF14FB-C571-474E-9365-CF957866D090} = {8F20C9B0-CE67-44A4-A875-F34577C6B872}
		{CF68B7B1-6A28-4AA2-90B2-7ACD14D6C0E6} = {8F20C9B0-CE67-44A4-A875-F34577C6B872}
		{735F362E-7FC2-4488-8BAE-423A644709C6} = {8F20C9B0-CE67-44A4-A875-F34577C6B872}
		{8E71D9EA-0AFA-47E7-AA9F-2E02AA06CDA2} = {23D9C457-B7C2-4A60-9734-CAD772C7046E}
		{06DB109F-370C-4DF4-9CEF-F1EAA909DC00} = {23D9C457-B7C2-4A60-9734-CAD772C7046E}
		{FCA61E4D-4409-46E9-BD84-2C3848401232} = {23D9C457-B7C2-4A60-9734-CAD772C7046E}
		{735F0288-C5F9-470D-938D-D2F6F85208FA} = {31619FAF-634F-4E87-ABF4-A08862DD9D49}
		{D86B3E02-A053-4828-921E-AFFB8625ED73} = {31619FAF-634F-4E87-ABF4-A08862DD9D49}
		{4471B60C-55FC-4489-BCAC-C0E5C644B82B} = {31619FAF-634F-4E87-ABF4-A08862DD9D49}
		{9AA2770C-598D-48C3-861B-4F6F50E8B5E2} = {EB5EAA29-F779-4987-895C-B2D3A0B4527C}
		{B76C6B71-685A-4F8F-9E6A-27D5E84270DC} = {EB5EAA29-F779-4987-895C-B2D3A0B4527C}
		{AA1AD033-49C0-449D-BCF1-BAC98E6801F2} = {EB5EAA29-F779-4987-895C-B2D3A0B4527C}
	EndGlobalSection
	GlobalSection(ExtensibilityGlobals) = postSolution
		SolutionGuid = {F942F7D5-48CE-4BB9-9C35-4EE1B4353CFC}
	EndGlobalSection
EndGlobal
